
Microsoft Visual Studio Solution File, Format Version 12.00
# Visual Studio 15
VisualStudioVersion = 15.0.27130.2024
MinimumVisualStudioVersion = 10.0.40219.1
Project("{FAE04EC0-301F-11D3-BF4B-00C04F79EFBC}") = "ConsoleCalculator", "ConsoleCalculator\ConsoleCalculator.csproj", "{0BD497A6-7ADC-4DF9-8E7B-EB0059BDE37A}"
EndProject
Global
	GlobalSection(SolutionConfigurationPlatforms) = preSolution
		Debug|Any CPU = Debug|Any CPU
		Release|Any CPU = Release|Any CPU
	EndGlobalSection
	GlobalSection(ProjectConfigurationPlatforms) = postSolution
		{0BD497A6-7ADC-4DF9-8E7B-EB0059BDE37A}.Debug|Any CPU.ActiveCfg = Debug|Any CPU
		{0BD497A6-7ADC-4DF9-8E7B-EB0059BDE37A}.Debug|Any CPU.Build.0 = Debug|Any CPU
		{0BD497A6-7ADC-4DF9-8E7B-EB0059BDE37A}.Release|Any CPU.ActiveCfg = Release|Any CPU
		{0BD497A6-7ADC-4DF9-8E7B-EB0059BDE37A}.Release|Any CPU.Build.0 = Release|Any CPU
	EndGlobalSection
	GlobalSection(SolutionProperties) = preSolution
		HideSolutionNode = FALSE
	EndGlobalSection
	GlobalSection(ExtensibilityGlobals) = postSolution
		SolutionGuid = {0F4C831C-8ADF-464E-8E59-0B1A4DE9FF87}
	EndGlobalSection
EndGlobal
